
Microsoft Visual Studio Solution File, Format Version 12.00
# Visual Studio Version 17
VisualStudioVersion = 17.4.33213.308
MinimumVisualStudioVersion = 10.0.40219.1
Project("{FAE04EC0-301F-11D3-BF4B-00C04F79EFBC}") = "Ecommerce.API", "EcommerceAPI\Ecommerce.API.csproj", "{2A699F18-AA55-4CBE-9703-DC0E9D169E80}"
EndProject
Project("{FAE04EC0-301F-11D3-BF4B-00C04F79EFBC}") = "Ecommerce.Infrastructure", "Ecommerce.Infrastructure\Ecommerce.Infrastructure.csproj", "{C828BA13-DDEA-4E3B-8938-3CA5CF7889BA}"
EndProject
Project("{FAE04EC0-301F-11D3-BF4B-00C04F79EFBC}") = "Ecommerce.Core", "Ecommerce.Core\Ecommerce.Core.csproj", "{BAC34766-308C-42BA-9B5D-12121F839AEB}"
EndProject
Global
	GlobalSection(SolutionConfigurationPlatforms) = preSolution
		Debug|Any CPU = Debug|Any CPU
		Release|Any CPU = Release|Any CPU
	EndGlobalSection
	GlobalSection(ProjectConfigurationPlatforms) = postSolution
		{2A699F18-AA55-4CBE-9703-DC0E9D169E80}.Debug|Any CPU.ActiveCfg = Debug|Any CPU
		{2A699F18-AA55-4CBE-9703-DC0E9D169E80}.Debug|Any CPU.Build.0 = Debug|Any CPU
		{2A699F18-AA55-4CBE-9703-DC0E9D169E80}.Release|Any CPU.ActiveCfg = Release|Any CPU
		{2A699F18-AA55-4CBE-9703-DC0E9D169E80}.Release|Any CPU.Build.0 = Release|Any CPU
		{C828BA13-DDEA-4E3B-8938-3CA5CF7889BA}.Debug|Any CPU.ActiveCfg = Debug|Any CPU
		{C828BA13-DDEA-4E3B-8938-3CA5CF7889BA}.Debug|Any CPU.Build.0 = Debug|Any CPU
		{C828BA13-DDEA-4E3B-8938-3CA5CF7889BA}.Release|Any CPU.ActiveCfg = Release|Any CPU
		{C828BA13-DDEA-4E3B-8938-3CA5CF7889BA}.Release|Any CPU.Build.0 = Release|Any CPU
		{BAC34766-308C-42BA-9B5D-12121F839AEB}.Debug|Any CPU.ActiveCfg = Debug|Any CPU
		{BAC34766-308C-42BA-9B5D-12121F839AEB}.Debug|Any CPU.Build.0 = Debug|Any CPU
		{BAC34766-308C-42BA-9B5D-12121F839AEB}.Release|Any CPU.ActiveCfg = Release|Any CPU
		{BAC34766-308C-42BA-9B5D-12121F839AEB}.Release|Any CPU.Build.0 = Release|Any CPU
	EndGlobalSection
	GlobalSection(SolutionProperties) = preSolution
		HideSolutionNode = FALSE
	EndGlobalSection
	GlobalSection(ExtensibilityGlobals) = postSolution
		SolutionGuid = {1A670A18-375F-4C75-9FDC-0A4B2C8A2BB1}
	EndGlobalSection
EndGlobal
