
Microsoft Visual Studio Solution File, Format Version 12.00
# Visual Studio Version 17
VisualStudioVersion = 17.4.33213.308
MinimumVisualStudioVersion = 10.0.40219.1
Project("{FAE04EC0-301F-11D3-BF4B-00C04F79EFBC}") = "Task1_MVC", "Task1_MVC.csproj", "{41388212-402A-49DC-B99C-35815C179088}"
EndProject
Global
	GlobalSection(SolutionConfigurationPlatforms) = preSolution
		Debug|Any CPU = Debug|Any CPU
		Release|Any CPU = Release|Any CPU
	EndGlobalSection
	GlobalSection(ProjectConfigurationPlatforms) = postSolution
		{41388212-402A-49DC-B99C-35815C179088}.Debug|Any CPU.ActiveCfg = Debug|Any CPU
		{41388212-402A-49DC-B99C-35815C179088}.Debug|Any CPU.Build.0 = Debug|Any CPU
		{41388212-402A-49DC-B99C-35815C179088}.Release|Any CPU.ActiveCfg = Release|Any CPU
		{41388212-402A-49DC-B99C-35815C179088}.Release|Any CPU.Build.0 = Release|Any CPU
	EndGlobalSection
	GlobalSection(SolutionProperties) = preSolution
		HideSolutionNode = FALSE
	EndGlobalSection
	GlobalSection(ExtensibilityGlobals) = postSolution
		SolutionGuid = {3BDE957D-8547-4CEF-A6FA-A726680A7082}
	EndGlobalSection
EndGlobal
